// !$*UTF8*$!
{
	archiveVersion = 1;
	classes = {
	};
	objectVersion = 50;
	objects = {

/* Begin PBXBuildFile section */
		F031EB1E237EC7D8001BF5B0 /* AppDelegate.swift in Sources */ = {isa = PBXBuildFile; fileRef = F031EB1D237EC7D8001BF5B0 /* AppDelegate.swift */; };
		F031EB20237EC7D8001BF5B0 /* SceneDelegate.swift in Sources */ = {isa = PBXBuildFile; fileRef = F031EB1F237EC7D8001BF5B0 /* SceneDelegate.swift */; };
		F031EB22237EC7D8001BF5B0 /* ViewController.swift in Sources */ = {isa = PBXBuildFile; fileRef = F031EB21237EC7D8001BF5B0 /* ViewController.swift */; };
		F031EB25237EC7D8001BF5B0 /* Main.storyboard in Resources */ = {isa = PBXBuildFile; fileRef = F031EB23237EC7D8001BF5B0 /* Main.storyboard */; };
		F031EB27237EC7DA001BF5B0 /* Assets.xcassets in Resources */ = {isa = PBXBuildFile; fileRef = F031EB26237EC7DA001BF5B0 /* Assets.xcassets */; };
		F031EB2A237EC7DA001BF5B0 /* LaunchScreen.storyboard in Resources */ = {isa = PBXBuildFile; fileRef = F031EB28237EC7DA001BF5B0 /* LaunchScreen.storyboard */; };
/* End PBXBuildFile section */

/* Begin PBXFileReference section */
		F031EB1A237EC7D8001BF5B0 /* demoOfflineVideo.app */ = {isa = PBXFileReference; explicitFileType = wrapper.application; includeInIndex = 0; path = demoOfflineVideo.app; sourceTree = BUILT_PRODUCTS_DIR; };
		F031EB1D237EC7D8001BF5B0 /* AppDelegate.swift */ = {isa = PBXFileReference; lastKnownFileType = sourcecode.swift; path = AppDelegate.swift; sourceTree = "<group>"; };
		F031EB1F237EC7D8001BF5B0 /* SceneDelegate.swift */ = {isa = PBXFileReference; lastKnownFileType = sourcecode.swift; path = SceneDelegate.swift; sourceTree = "<group>"; };
		F031EB21237EC7D8001BF5B0 /* ViewController.swift */ = {isa = PBXFileReference; lastKnownFileType = sourcecode.swift; path = ViewController.swift; sourceTree = "<group>"; };
		F031EB24237EC7D8001BF5B0 /* Base */ = {isa = PBXFileReference; lastKnownFileType = file.storyboard; name = Base; path = Base.lproj/Main.storyboard; sourceTree = "<group>"; };
		F031EB26237EC7DA001BF5B0 /* Assets.xcassets */ = {isa = PBXFileReference; lastKnownFileType = folder.assetcatalog; path = Assets.xcassets; sourceTree = "<group>"; };
		F031EB29237EC7DA001BF5B0 /* Base */ = {isa = PBXFileReference; lastKnownFileType = file.storyboard; name = Base; path = Base.lproj/LaunchScreen.storyboard; sourceTree = "<group>"; };
		F031EB2B237EC7DA001BF5B0 /* Info.plist */ = {isa = PBXFileReference; lastKnownFileType = text.plist.xml; path = Info.plist; sourceTree = "<group>"; };
/* End PBXFileReference section */

/* Begin PBXFrameworksBuildPhase section */
		F031EB17237EC7D8001BF5B0 /* Frameworks */ = {
			isa = PBXFrameworksBuildPhase;
			buildActionMask = 2147483647;
			files = (
			);
			runOnlyForDeploymentPostprocessing = 0;
		};
/* End PBXFrameworksBuildPhase section */

/* Begin PBXGroup section */
		F031EB11237EC7D8001BF5B0 = {
			isa = PBXGroup;
			children = (
				F031EB1C237EC7D8001BF5B0 /* demoOfflineVideo */,
				F031EB1B237EC7D8001BF5B0 /* Products */,
			);
			sourceTree = "<group>";
		};
		F031EB1B237EC7D8001BF5B0 /* Products */ = {
			isa = PBXGroup;
			children = (
				F031EB1A237EC7D8001BF5B0 /* demoOfflineVideo.app */,
			);
			name = Products;
			sourceTree = "<group>";
		};
		F031EB1C237EC7D8001BF5B0 /* demoOfflineVideo */ = {
			isa = PBXGroup;
			children = (
				F031EB1D237EC7D8001BF5B0 /* AppDelegate.swift */,
				F031EB1F237EC7D8001BF5B0 /* SceneDelegate.swift */,
				F031EB21237EC7D8001BF5B0 /* ViewController.swift */,
				F031EB23237EC7D8001BF5B0 /* Main.storyboard */,
				F031EB26237EC7DA001BF5B0 /* Assets.xcassets */,
				F031EB28237EC7DA001BF5B0 /* LaunchScreen.storyboard */,
				F031EB2B237EC7DA001BF5B0 /* Info.plist */,
			);
			path = demoOfflineVideo;
			sourceTree = "<group>";
		};
/* End PBXGroup section */

/* Begin PBXNativeTarget section */
		F031EB19237EC7D8001BF5B0 /* demoOfflineVideo */ = {
			isa = PBXNativeTarget;
			buildConfigurationList = F031EB2E237EC7DA001BF5B0 /* Build configuration list for PBXNativeTarget "demoOfflineVideo" */;
			buildPhases = (
				F031EB16237EC7D8001BF5B0 /* Sources */,
				F031EB17237EC7D8001BF5B0 /* Frameworks */,
				F031EB18237EC7D8001BF5B0 /* Resources */,
			);
			buildRules = (
			);
			dependencies = (
			);
			name = demoOfflineVideo;
			productName = demoOfflineVideo;
			productReference = F031EB1A237EC7D8001BF5B0 /* demoOfflineVideo.app */;
			productType = "com.apple.product-type.application";
		};
/* End PBXNativeTarget section */

/* Begin PBXProject section */
		F031EB12237EC7D8001BF5B0 /* Project object */ = {
			isa = PBXProject;
			attributes = {
				LastSwiftUpdateCheck = 1110;
				LastUpgradeCheck = 1110;
				ORGANIZATIONNAME = "Ventuno Technologies";
				TargetAttributes = {
					F031EB19237EC7D8001BF5B0 = {
						CreatedOnToolsVersion = 11.1;
					};
				};
			};
			buildConfigurationList = F031EB15237EC7D8001BF5B0 /* Build configuration list for PBXProject "demoOfflineVideo" */;
			compatibilityVersion = "Xcode 9.3";
			developmentRegion = en;
			hasScannedForEncodings = 0;
			knownRegions = (
				en,
				Base,
			);
			mainGroup = F031EB11237EC7D8001BF5B0;
			productRefGroup = F031EB1B237EC7D8001BF5B0 /* Products */;
			projectDirPath = "";
			projectRoot = "";
			targets = (
				F031EB19237EC7D8001BF5B0 /* demoOfflineVideo */,
			);
		};
/* End PBXProject section */

/* Begin PBXResourcesBuildPhase section */
		F031EB18237EC7D8001BF5B0 /* Resources */ = {
			isa = PBXResourcesBuildPhase;
			buildActionMask = 2147483647;
			files = (
				F031EB2A237EC7DA001BF5B0 /* LaunchScreen.storyboard in Resources */,
				F031EB27237EC7DA001BF5B0 /* Assets.xcassets in Resources */,
				F031EB25237EC7D8001BF5B0 /* Main.storyboard in Resources */,
			);
			runOnlyForDeploymentPostprocessing = 0;
		};
/* End PBXResourcesBuildPhase section */

/* Begin PBXSourcesBuildPhase section */
		F031EB16237EC7D8001BF5B0 /* Sources */ = {
			isa = PBXSourcesBuildPhase;
			buildActionMask = 2147483647;
			files = (
				F031EB22237EC7D8001BF5B0 /* ViewController.swift in Sources */,
				F031EB1E237EC7D8001BF5B0 /* AppDelegate.swift in Sources */,
				F031EB20237EC7D8001BF5B0 /* SceneDelegate.swift in Sources */,
			);
			runOnlyForDeploymentPostprocessing = 0;
		};
/* End PBXSourcesBuildPhase section */

/* Begin PBXVariantGroup section */
		F031EB23237EC7D8001BF5B0 /* Main.storyboard */ = {
			isa = PBXVariantGroup;
			children = (
				F031EB24237EC7D8001BF5B0 /* Base */,
			);
			name = Main.storyboard;
			sourceTree = "<group>";
		};
		F031EB28237EC7DA001BF5B0 /* LaunchScreen.storyboard */ = {
			isa = PBXVariantGroup;
			children = (
				F031EB29237EC7DA001BF5B0 /* Base */,
			);
			name = LaunchScreen.storyboard;
			sourceTree = "<group>";
		};
/* End PBXVariantGroup section */

/* Begin XCBuildConfiguration section */
		F031EB2C237EC7DA001BF5B0 /* Debug */ = {
			isa = XCBuildConfiguration;
			buildSettings = {
				ALWAYS_SEARCH_USER_PATHS = NO;
				CLANG_ANALYZER_NONNULL = YES;
				CLANG_ANALYZER_NUMBER_OBJECT_CONVERSION = YES_AGGRESSIVE;
				CLANG_CXX_LANGUAGE_STANDARD = "gnu++14";
				CLANG_CXX_LIBRARY = "libc++";
				CLANG_ENABLE_MODULES = YES;
				CLANG_ENABLE_OBJC_ARC = YES;
				CLANG_ENABLE_OBJC_WEAK = YES;
				CLANG_WARN_BLOCK_CAPTURE_AUTORELEASING = YES;
				CLANG_WARN_BOOL_CONVERSION = YES;
				CLANG_WARN_COMMA = YES;
				CLANG_WARN_CONSTANT_CONVERSION = YES;
				CLANG_WARN_DEPRECATED_OBJC_IMPLEMENTATIONS = YES;
				CLANG_WARN_DIRECT_OBJC_ISA_USAGE = YES_ERROR;
				CLANG_WARN_DOCUMENTATION_COMMENTS = YES;
				CLANG_WARN_EMPTY_BODY = YES;
				CLANG_WARN_ENUM_CONVERSION = YES;
				CLANG_WARN_INFINITE_RECURSION = YES;
				CLANG_WARN_INT_CONVERSION = YES;
				CLANG_WARN_NON_LITERAL_NULL_CONVERSION = YES;
				CLANG_WARN_OBJC_IMPLICIT_RETAIN_SELF = YES;
				CLANG_WARN_OBJC_LITERAL_CONVERSION = YES;
				CLANG_WARN_OBJC_ROOT_CLASS = YES_ERROR;
				CLANG_WARN_RANGE_LOOP_ANALYSIS = YES;
				CLANG_WARN_STRICT_PROTOTYPES = YES;
				CLANG_WARN_SUSPICIOUS_MOVE = YES;
				CLANG_WARN_UNGUARDED_AVAILABILITY = YES_AGGRESSIVE;
				CLANG_WARN_UNREACHABLE_CODE = YES;
				CLANG_WARN__DUPLICATE_METHOD_MATCH = YES;
				COPY_PHASE_STRIP = NO;
				DEBUG_INFORMATION_FORMAT = dwarf;
				ENABLE_STRICT_OBJC_MSGSEND = YES;
				ENABLE_TESTABILITY = YES;
				GCC_C_LANGUAGE_STANDARD = gnu11;
				GCC_DYNAMIC_NO_PIC = NO;
				GCC_NO_COMMON_BLOCKS = YES;
				GCC_OPTIMIZATION_LEVEL = 0;
				GCC_PREPROCESSOR_DEFINITIONS = (
					"DEBUG=1",
					"$(inherited)",
				);
				GCC_WARN_64_TO_32_BIT_CONVERSION = YES;
				GCC_WARN_ABOUT_RETURN_TYPE = YES_ERROR;
				GCC_WARN_UNDECLARED_SELECTOR = YES;
				GCC_WARN_UNINITIALIZED_AUTOS = YES_AGGRESSIVE;
				GCC_WARN_UNUSED_FUNCTION = YES;
				GCC_WARN_UNUSED_VARIABLE = YES;
				IPHONEOS_DEPLOYMENT_TARGET = 13.1;
				MTL_ENABLE_DEBUG_INFO = INCLUDE_SOURCE;
				MTL_FAST_MATH = YES;
				ONLY_ACTIVE_ARCH = YES;
				SDKROOT = iphoneos;
				SWIFT_ACTIVE_COMPILATION_CONDITIONS = DEBUG;
				SWIFT_OPTIMIZATION_LEVEL = "-Onone";
			};
			name = Debug;
		};
		F031EB2D237EC7DA001BF5B0 /* Release */ = {
			isa = XCBuildConfiguration;
			buildSettings = {
				ALWAYS_SEARCH_USER_PATHS = NO;
				CLANG_ANALYZER_NONNULL = YES;
				CLANG_ANALYZER_NUMBER_OBJECT_CONVERSION = YES_AGGRESSIVE;
				CLANG_CXX_LANGUAGE_STANDARD = "gnu++14";
				CLANG_CXX_LIBRARY = "libc++";
				CLANG_ENABLE_MODULES = YES;
				CLANG_ENABLE_OBJC_ARC = YES;
				CLANG_ENABLE_OBJC_WEAK = YES;
				CLANG_WARN_BLOCK_CAPTURE_AUTORELEASING = YES;
				CLANG_WARN_BOOL_CONVERSION = YES;
				CLANG_WARN_COMMA = YES;
				CLANG_WARN_CONSTANT_CONVERSION = YES;
				CLANG_WARN_DEPRECATED_OBJC_IMPLEMENTATIONS = YES;
				CLANG_WARN_DIRECT_OBJC_ISA_USAGE = YES_ERROR;
				CLANG_WARN_DOCUMENTATION_COMMENTS = YES;
				CLANG_WARN_EMPTY_BODY = YES;
				CLANG_WARN_ENUM_CONVERSION = YES;
				CLANG_WARN_INFINITE_RECURSION = YES;
				CLANG_WARN_INT_CONVERSION = YES;
				CLANG_WARN_NON_LITERAL_NULL_CONVERSION = YES;
				CLANG_WARN_OBJC_IMPLICIT_RETAIN_SELF = YES;
				CLANG_WARN_OBJC_LITERAL_CONVERSION = YES;
				CLANG_WARN_OBJC_ROOT_CLASS = YES_ERROR;
				CLANG_WARN_RANGE_LOOP_ANALYSIS = YES;
				CLANG_WARN_STRICT_PROTOTYPES = YES;
				CLANG_WARN_SUSPICIOUS_MOVE = YES;
				CLANG_WARN_UNGUARDED_AVAILABILITY = YES_AGGRESSIVE;
				CLANG_WARN_UNREACHABLE_CODE = YES;
				CLANG_WARN__DUPLICATE_METHOD_MATCH = YES;
				COPY_PHASE_STRIP = NO;
				DEBUG_INFORMATION_FORMAT = "dwarf-with-dsym";
				ENABLE_NS_ASSERTIONS = NO;
				ENABLE_STRICT_OBJC_MSGSEND = YES;
				GCC_C_LANGUAGE_STANDARD = gnu11;
				GCC_NO_COMMON_BLOCKS = YES;
				GCC_WARN_64_TO_32_BIT_CONVERSION = YES;
				GCC_WARN_ABOUT_RETURN_TYPE = YES_ERROR;
				GCC_WARN_UNDECLARED_SELECTOR = YES;
				GCC_WARN_UNINITIALIZED_AUTOS = YES_AGGRESSIVE;
				GCC_WARN_UNUSED_FUNCTION = YES;
				GCC_WARN_UNUSED_VARIABLE = YES;
				IPHONEOS_DEPLOYMENT_TARGET = 13.1;
				MTL_ENABLE_DEBUG_INFO = NO;
				MTL_FAST_MATH = YES;
				SDKROOT = iphoneos;
				SWIFT_COMPILATION_MODE = wholemodule;
				SWIFT_OPTIMIZATION_LEVEL = "-O";
				VALIDATE_PRODUCT = YES;
			};
			name = Release;
		};
		F031EB2F237EC7DA001BF5B0 /* Debug */ = {
			isa = XCBuildConfiguration;
			buildSettings = {
				ASSETCATALOG_COMPILER_APPICON_NAME = AppIcon;
				CODE_SIGN_STYLE = Automatic;
				DEVELOPMENT_TEAM = 24K62CK4V7;
				INFOPLIST_FILE = demoOfflineVideo/Info.plist;
				IPHONEOS_DEPLOYMENT_TARGET = 9.1;
				LD_RUNPATH_SEARCH_PATHS = (
					"$(inherited)",
					"@executable_path/Frameworks",
				);
				PRODUCT_BUNDLE_IDENTIFIER = com.ventuno.demoOfflineVideo;
				PRODUCT_NAME = "$(TARGET_NAME)";
				SWIFT_VERSION = 5.0;
				TARGETED_DEVICE_FAMILY = "1,2";
			};
			name = Debug;
		};
		F031EB30237EC7DA001BF5B0 /* Release */ = {
			isa = XCBuildConfiguration;
			buildSettings = {
				ASSETCATALOG_COMPILER_APPICON_NAME = AppIcon;
				CODE_SIGN_STYLE = Automatic;
				DEVELOPMENT_TEAM = 24K62CK4V7;
				INFOPLIST_FILE = demoOfflineVideo/Info.plist;
				IPHONEOS_DEPLOYMENT_TARGET = 9.1;
				LD_RUNPATH_SEARCH_PATHS = (
					"$(inherited)",
					"@executable_path/Frameworks",
				);
				PRODUCT_BUNDLE_IDENTIFIER = com.ventuno.demoOfflineVideo;
				PRODUCT_NAME = "$(TARGET_NAME)";
				SWIFT_VERSION = 5.0;
				TARGETED_DEVICE_FAMILY = "1,2";
			};
			name = Release;
		};
/* End XCBuildConfiguration section */

/* Begin XCConfigurationList section */
		F031EB15237EC7D8001BF5B0 /* Build configuration list for PBXProject "demoOfflineVideo" */ = {
			isa = XCConfigurationList;
			buildConfigurations = (
				F031EB2C237EC7DA001BF5B0 /* Debug */,
				F031EB2D237EC7DA001BF5B0 /* Release */,
			);
			defaultConfigurationIsVisible = 0;
			defaultConfigurationName = Release;
		};
		F031EB2E237EC7DA001BF5B0 /* Build configuration list for PBXNativeTarget "demoOfflineVideo" */ = {
			isa = XCConfigurationList;
			buildConfigurations = (
				F031EB2F237EC7DA001BF5B0 /* Debug */,
				F031EB30237EC7DA001BF5B0 /* Release */,
			);
			defaultConfigurationIsVisible = 0;
			defaultConfigurationName = Release;
		};
/* End XCConfigurationList section */
	};
	rootObject = F031EB12237EC7D8001BF5B0 /* Project object */;
}
